
Microsoft Visual Studio Solution File, Format Version 12.00
# Visual Studio Version 16
VisualStudioVersion = 16.0.30611.23
MinimumVisualStudioVersion = 10.0.40219.1
Project("{FAE04EC0-301F-11D3-BF4B-00C04F79EFBC}") = "TareaDI03Componente", "TareaDI03Componente\TareaDI03Componente.csproj", "{50E164A5-94EC-44A4-8C22-51CFBFC95D8D}"
EndProject
Global
	GlobalSection(SolutionConfigurationPlatforms) = preSolution
		Debug|Any CPU = Debug|Any CPU
		Release|Any CPU = Release|Any CPU
	EndGlobalSection
	GlobalSection(ProjectConfigurationPlatforms) = postSolution
		{50E164A5-94EC-44A4-8C22-51CFBFC95D8D}.Debug|Any CPU.ActiveCfg = Debug|Any CPU
		{50E164A5-94EC-44A4-8C22-51CFBFC95D8D}.Debug|Any CPU.Build.0 = Debug|Any CPU
		{50E164A5-94EC-44A4-8C22-51CFBFC95D8D}.Release|Any CPU.ActiveCfg = Release|Any CPU
		{50E164A5-94EC-44A4-8C22-51CFBFC95D8D}.Release|Any CPU.Build.0 = Release|Any CPU
	EndGlobalSection
	GlobalSection(SolutionProperties) = preSolution
		HideSolutionNode = FALSE
	EndGlobalSection
	GlobalSection(ExtensibilityGlobals) = postSolution
		SolutionGuid = {C1D33368-C29B-4112-85A7-8AE649980426}
	EndGlobalSection
EndGlobal
